
Microsoft Visual Studio Solution File, Format Version 12.00
# Visual Studio Version 17
VisualStudioVersion = 17.0.31903.59
MinimumVisualStudioVersion = 10.0.40219.1
Project("{FAE04EC0-301F-11D3-BF4B-00C04F79EFBC}") = "API", "API\API.csproj", "{04636ABE-8F49-4790-A4B3-C06C023AD2C1}"
EndProject
Project("{FAE04EC0-301F-11D3-BF4B-00C04F79EFBC}") = "Application", "Application\Application.csproj", "{749B9317-5B40-47E2-B845-884337F77844}"
EndProject
Project("{FAE04EC0-301F-11D3-BF4B-00C04F79EFBC}") = "Domain", "Domain\Domain.csproj", "{951FAF0E-0FB1-48C7-85F8-B80166A3E085}"
EndProject
Project("{FAE04EC0-301F-11D3-BF4B-00C04F79EFBC}") = "Persistence", "Persistence\Persistence.csproj", "{93131CDF-077C-473C-B015-F88DA78F679C}"
EndProject
Global
	GlobalSection(SolutionConfigurationPlatforms) = preSolution
		Debug|Any CPU = Debug|Any CPU
		Release|Any CPU = Release|Any CPU
	EndGlobalSection
	GlobalSection(SolutionProperties) = preSolution
		HideSolutionNode = FALSE
	EndGlobalSection
	GlobalSection(ProjectConfigurationPlatforms) = postSolution
		{04636ABE-8F49-4790-A4B3-C06C023AD2C1}.Debug|Any CPU.ActiveCfg = Debug|Any CPU
		{04636ABE-8F49-4790-A4B3-C06C023AD2C1}.Debug|Any CPU.Build.0 = Debug|Any CPU
		{04636ABE-8F49-4790-A4B3-C06C023AD2C1}.Release|Any CPU.ActiveCfg = Release|Any CPU
		{04636ABE-8F49-4790-A4B3-C06C023AD2C1}.Release|Any CPU.Build.0 = Release|Any CPU
		{749B9317-5B40-47E2-B845-884337F77844}.Debug|Any CPU.ActiveCfg = Debug|Any CPU
		{749B9317-5B40-47E2-B845-884337F77844}.Debug|Any CPU.Build.0 = Debug|Any CPU
		{749B9317-5B40-47E2-B845-884337F77844}.Release|Any CPU.ActiveCfg = Release|Any CPU
		{749B9317-5B40-47E2-B845-884337F77844}.Release|Any CPU.Build.0 = Release|Any CPU
		{951FAF0E-0FB1-48C7-85F8-B80166A3E085}.Debug|Any CPU.ActiveCfg = Debug|Any CPU
		{951FAF0E-0FB1-48C7-85F8-B80166A3E085}.Debug|Any CPU.Build.0 = Debug|Any CPU
		{951FAF0E-0FB1-48C7-85F8-B80166A3E085}.Release|Any CPU.ActiveCfg = Release|Any CPU
		{951FAF0E-0FB1-48C7-85F8-B80166A3E085}.Release|Any CPU.Build.0 = Release|Any CPU
		{93131CDF-077C-473C-B015-F88DA78F679C}.Debug|Any CPU.ActiveCfg = Debug|Any CPU
		{93131CDF-077C-473C-B015-F88DA78F679C}.Debug|Any CPU.Build.0 = Debug|Any CPU
		{93131CDF-077C-473C-B015-F88DA78F679C}.Release|Any CPU.ActiveCfg = Release|Any CPU
		{93131CDF-077C-473C-B015-F88DA78F679C}.Release|Any CPU.Build.0 = Release|Any CPU
	EndGlobalSection
EndGlobal
